
Microsoft Visual Studio Solution File, Format Version 12.00
# Visual Studio 15
VisualStudioVersion = 15.0.28307.168
MinimumVisualStudioVersion = 10.0.40219.1
Project("{FAE04EC0-301F-11D3-BF4B-00C04F79EFBC}") = "QLThuVien", "QLThuVien.csproj", "{3178157B-992C-4660-989E-3A3F4055797E}"
EndProject
Global
	GlobalSection(SolutionConfigurationPlatforms) = preSolution
		Debug|Any CPU = Debug|Any CPU
		Release|Any CPU = Release|Any CPU
	EndGlobalSection
	GlobalSection(ProjectConfigurationPlatforms) = postSolution
		{3178157B-992C-4660-989E-3A3F4055797E}.Debug|Any CPU.ActiveCfg = Debug|Any CPU
		{3178157B-992C-4660-989E-3A3F4055797E}.Debug|Any CPU.Build.0 = Debug|Any CPU
		{3178157B-992C-4660-989E-3A3F4055797E}.Release|Any CPU.ActiveCfg = Release|Any CPU
		{3178157B-992C-4660-989E-3A3F4055797E}.Release|Any CPU.Build.0 = Release|Any CPU
	EndGlobalSection
	GlobalSection(SolutionProperties) = preSolution
		HideSolutionNode = FALSE
	EndGlobalSection
	GlobalSection(ExtensibilityGlobals) = postSolution
		SolutionGuid = {CE91AB07-10C8-454A-AD90-402585837D16}
	EndGlobalSection
EndGlobal
